// !$*UTF8*$!
{
	archiveVersion = 1;
	classes = {
	};
	objectVersion = 50;
	objects = {

/* Begin PBXBuildFile section */
		FA9801AA24A3A82600E2D44E /* AppDelegate.swift in Sources */ = {isa = PBXBuildFile; fileRef = FA9801A924A3A82600E2D44E /* AppDelegate.swift */; };
		FA9801AC24A3A82600E2D44E /* SceneDelegate.swift in Sources */ = {isa = PBXBuildFile; fileRef = FA9801AB24A3A82600E2D44E /* SceneDelegate.swift */; };
		FA9801AE24A3A82600E2D44E /* ViewController.swift in Sources */ = {isa = PBXBuildFile; fileRef = FA9801AD24A3A82600E2D44E /* ViewController.swift */; };
		FA9801B124A3A82600E2D44E /* Main.storyboard in Resources */ = {isa = PBXBuildFile; fileRef = FA9801AF24A3A82600E2D44E /* Main.storyboard */; };
		FA9801B324A3A82700E2D44E /* Assets.xcassets in Resources */ = {isa = PBXBuildFile; fileRef = FA9801B224A3A82700E2D44E /* Assets.xcassets */; };
		FA9801B624A3A82700E2D44E /* LaunchScreen.storyboard in Resources */ = {isa = PBXBuildFile; fileRef = FA9801B424A3A82700E2D44E /* LaunchScreen.storyboard */; };
		FA9801C124A3AA9700E2D44E /* .gitignore in Resources */ = {isa = PBXBuildFile; fileRef = FA9801C024A3AA9700E2D44E /* .gitignore */; };
		FAE4F21924B237BE00CA80A9 /* PasswordTableViewCell.swift in Sources */ = {isa = PBXBuildFile; fileRef = FAE4F21824B237BE00CA80A9 /* PasswordTableViewCell.swift */; };
		FAE4F21B24B237E800CA80A9 /* PasswordDetails.swift in Sources */ = {isa = PBXBuildFile; fileRef = FAE4F21A24B237E800CA80A9 /* PasswordDetails.swift */; };
		FAE4F21E24B2418900CA80A9 /* UIColorExtensions.swift in Sources */ = {isa = PBXBuildFile; fileRef = FAE4F21D24B2418900CA80A9 /* UIColorExtensions.swift */; };
		FAE4F22024B3A52400CA80A9 /* PasswordTableViewModel.swift in Sources */ = {isa = PBXBuildFile; fileRef = FAE4F21F24B3A52400CA80A9 /* PasswordTableViewModel.swift */; };
		FAE4F22324B3A59D00CA80A9 /* PasswordViewModelProtocol.swift in Sources */ = {isa = PBXBuildFile; fileRef = FAE4F22224B3A59D00CA80A9 /* PasswordViewModelProtocol.swift */; };
		FAE4F22524B3A66500CA80A9 /* PasswordApiProtocol.swift in Sources */ = {isa = PBXBuildFile; fileRef = FAE4F22424B3A66500CA80A9 /* PasswordApiProtocol.swift */; };
/* End PBXBuildFile section */

/* Begin PBXFileReference section */
		FA9801A624A3A82600E2D44E /* PasswordManager.app */ = {isa = PBXFileReference; explicitFileType = wrapper.application; includeInIndex = 0; path = PasswordManager.app; sourceTree = BUILT_PRODUCTS_DIR; };
		FA9801A924A3A82600E2D44E /* AppDelegate.swift */ = {isa = PBXFileReference; lastKnownFileType = sourcecode.swift; path = AppDelegate.swift; sourceTree = "<group>"; };
		FA9801AB24A3A82600E2D44E /* SceneDelegate.swift */ = {isa = PBXFileReference; lastKnownFileType = sourcecode.swift; path = SceneDelegate.swift; sourceTree = "<group>"; };
		FA9801AD24A3A82600E2D44E /* ViewController.swift */ = {isa = PBXFileReference; lastKnownFileType = sourcecode.swift; name = ViewController.swift; path = PasswordManager/Views/ViewController.swift; sourceTree = SOURCE_ROOT; };
		FA9801B024A3A82600E2D44E /* Base */ = {isa = PBXFileReference; lastKnownFileType = file.storyboard; name = Base; path = Base.lproj/Main.storyboard; sourceTree = "<group>"; };
		FA9801B224A3A82700E2D44E /* Assets.xcassets */ = {isa = PBXFileReference; lastKnownFileType = folder.assetcatalog; path = Assets.xcassets; sourceTree = "<group>"; };
		FA9801B524A3A82700E2D44E /* Base */ = {isa = PBXFileReference; lastKnownFileType = file.storyboard; name = Base; path = Base.lproj/LaunchScreen.storyboard; sourceTree = "<group>"; };
		FA9801B724A3A82700E2D44E /* Info.plist */ = {isa = PBXFileReference; lastKnownFileType = text.plist.xml; path = Info.plist; sourceTree = "<group>"; };
		FA9801C024A3AA9700E2D44E /* .gitignore */ = {isa = PBXFileReference; lastKnownFileType = text; path = .gitignore; sourceTree = "<group>"; };
		FAE4F21824B237BE00CA80A9 /* PasswordTableViewCell.swift */ = {isa = PBXFileReference; lastKnownFileType = sourcecode.swift; name = PasswordTableViewCell.swift; path = PasswordManager/Controllers/PasswordTableViewCell.swift; sourceTree = SOURCE_ROOT; };
		FAE4F21A24B237E800CA80A9 /* PasswordDetails.swift */ = {isa = PBXFileReference; lastKnownFileType = sourcecode.swift; path = PasswordDetails.swift; sourceTree = "<group>"; };
		FAE4F21D24B2418900CA80A9 /* UIColorExtensions.swift */ = {isa = PBXFileReference; lastKnownFileType = sourcecode.swift; path = UIColorExtensions.swift; sourceTree = "<group>"; };
		FAE4F21F24B3A52400CA80A9 /* PasswordTableViewModel.swift */ = {isa = PBXFileReference; lastKnownFileType = sourcecode.swift; path = PasswordTableViewModel.swift; sourceTree = "<group>"; };
		FAE4F22224B3A59D00CA80A9 /* PasswordViewModelProtocol.swift */ = {isa = PBXFileReference; lastKnownFileType = sourcecode.swift; path = PasswordViewModelProtocol.swift; sourceTree = "<group>"; };
		FAE4F22424B3A66500CA80A9 /* PasswordApiProtocol.swift */ = {isa = PBXFileReference; lastKnownFileType = sourcecode.swift; path = PasswordApiProtocol.swift; sourceTree = "<group>"; };
/* End PBXFileReference section */

/* Begin PBXFrameworksBuildPhase section */
		FA9801A324A3A82600E2D44E /* Frameworks */ = {
			isa = PBXFrameworksBuildPhase;
			buildActionMask = 2147483647;
			files = (
			);
			runOnlyForDeploymentPostprocessing = 0;
		};
/* End PBXFrameworksBuildPhase section */

/* Begin PBXGroup section */
		FA98019D24A3A82600E2D44E = {
			isa = PBXGroup;
			children = (
				FA9801A824A3A82600E2D44E /* PasswordManager */,
				FA9801A724A3A82600E2D44E /* Products */,
			);
			sourceTree = "<group>";
		};
		FA9801A724A3A82600E2D44E /* Products */ = {
			isa = PBXGroup;
			children = (
				FA9801A624A3A82600E2D44E /* PasswordManager.app */,
			);
			name = Products;
			sourceTree = "<group>";
		};
		FA9801A824A3A82600E2D44E /* PasswordManager */ = {
			isa = PBXGroup;
			children = (
				FAE4F22124B3A57000CA80A9 /* Protocols */,
				FAE4F21C24B2414F00CA80A9 /* Extensions */,
				FA9801C624A3B1D300E2D44E /* ViewModels */,
				FA9801C524A3B1CA00E2D44E /* Models */,
				FA9801C324A3B07100E2D44E /* Views */,
				FA9801C224A3B05300E2D44E /* Storyboards */,
				FA9801A924A3A82600E2D44E /* AppDelegate.swift */,
				FA9801AB24A3A82600E2D44E /* SceneDelegate.swift */,
				FA9801B224A3A82700E2D44E /* Assets.xcassets */,
				FA9801B724A3A82700E2D44E /* Info.plist */,
				FA9801C024A3AA9700E2D44E /* .gitignore */,
			);
			path = PasswordManager;
			sourceTree = "<group>";
		};
		FA9801C224A3B05300E2D44E /* Storyboards */ = {
			isa = PBXGroup;
			children = (
				FA9801AF24A3A82600E2D44E /* Main.storyboard */,
				FA9801B424A3A82700E2D44E /* LaunchScreen.storyboard */,
			);
			path = Storyboards;
			sourceTree = "<group>";
		};
		FA9801C324A3B07100E2D44E /* Views */ = {
			isa = PBXGroup;
			children = (
				FA9801AD24A3A82600E2D44E /* ViewController.swift */,
				FAE4F21824B237BE00CA80A9 /* PasswordTableViewCell.swift */,
			);
			path = Views;
			sourceTree = "<group>";
		};
		FA9801C524A3B1CA00E2D44E /* Models */ = {
			isa = PBXGroup;
			children = (
				FAE4F21A24B237E800CA80A9 /* PasswordDetails.swift */,
			);
			path = Models;
			sourceTree = "<group>";
		};
		FA9801C624A3B1D300E2D44E /* ViewModels */ = {
			isa = PBXGroup;
			children = (
				FAE4F21F24B3A52400CA80A9 /* PasswordTableViewModel.swift */,
			);
			path = ViewModels;
			sourceTree = "<group>";
		};
		FAE4F21C24B2414F00CA80A9 /* Extensions */ = {
			isa = PBXGroup;
			children = (
				FAE4F21D24B2418900CA80A9 /* UIColorExtensions.swift */,
			);
			path = Extensions;
			sourceTree = "<group>";
		};
		FAE4F22124B3A57000CA80A9 /* Protocols */ = {
			isa = PBXGroup;
			children = (
				FAE4F22224B3A59D00CA80A9 /* PasswordViewModelProtocol.swift */,
				FAE4F22424B3A66500CA80A9 /* PasswordApiProtocol.swift */,
			);
			path = Protocols;
			sourceTree = "<group>";
		};
/* End PBXGroup section */

/* Begin PBXNativeTarget section */
		FA9801A524A3A82600E2D44E /* PasswordManager */ = {
			isa = PBXNativeTarget;
			buildConfigurationList = FA9801BA24A3A82700E2D44E /* Build configuration list for PBXNativeTarget "PasswordManager" */;
			buildPhases = (
				FA9801A224A3A82600E2D44E /* Sources */,
				FA9801A324A3A82600E2D44E /* Frameworks */,
				FA9801A424A3A82600E2D44E /* Resources */,
			);
			buildRules = (
			);
			dependencies = (
			);
			name = PasswordManager;
			productName = PasswordManager;
			productReference = FA9801A624A3A82600E2D44E /* PasswordManager.app */;
			productType = "com.apple.product-type.application";
		};
/* End PBXNativeTarget section */

/* Begin PBXProject section */
		FA98019E24A3A82600E2D44E /* Project object */ = {
			isa = PBXProject;
			attributes = {
				LastSwiftUpdateCheck = 1150;
				LastUpgradeCheck = 1150;
				ORGANIZATIONNAME = "Bartek Rzyszkiewicz";
				TargetAttributes = {
					FA9801A524A3A82600E2D44E = {
						CreatedOnToolsVersion = 11.5;
					};
				};
			};
			buildConfigurationList = FA9801A124A3A82600E2D44E /* Build configuration list for PBXProject "PasswordManager" */;
			compatibilityVersion = "Xcode 9.3";
			developmentRegion = en;
			hasScannedForEncodings = 0;
			knownRegions = (
				en,
				Base,
			);
			mainGroup = FA98019D24A3A82600E2D44E;
			productRefGroup = FA9801A724A3A82600E2D44E /* Products */;
			projectDirPath = "";
			projectRoot = "";
			targets = (
				FA9801A524A3A82600E2D44E /* PasswordManager */,
			);
		};
/* End PBXProject section */

/* Begin PBXResourcesBuildPhase section */
		FA9801A424A3A82600E2D44E /* Resources */ = {
			isa = PBXResourcesBuildPhase;
			buildActionMask = 2147483647;
			files = (
				FA9801C124A3AA9700E2D44E /* .gitignore in Resources */,
				FA9801B624A3A82700E2D44E /* LaunchScreen.storyboard in Resources */,
				FA9801B324A3A82700E2D44E /* Assets.xcassets in Resources */,
				FA9801B124A3A82600E2D44E /* Main.storyboard in Resources */,
			);
			runOnlyForDeploymentPostprocessing = 0;
		};
/* End PBXResourcesBuildPhase section */

/* Begin PBXSourcesBuildPhase section */
		FA9801A224A3A82600E2D44E /* Sources */ = {
			isa = PBXSourcesBuildPhase;
			buildActionMask = 2147483647;
			files = (
				FAE4F21924B237BE00CA80A9 /* PasswordTableViewCell.swift in Sources */,
				FAE4F22024B3A52400CA80A9 /* PasswordTableViewModel.swift in Sources */,
				FA9801AE24A3A82600E2D44E /* ViewController.swift in Sources */,
				FAE4F22324B3A59D00CA80A9 /* PasswordViewModelProtocol.swift in Sources */,
				FAE4F21B24B237E800CA80A9 /* PasswordDetails.swift in Sources */,
				FAE4F21E24B2418900CA80A9 /* UIColorExtensions.swift in Sources */,
				FA9801AA24A3A82600E2D44E /* AppDelegate.swift in Sources */,
				FAE4F22524B3A66500CA80A9 /* PasswordApiProtocol.swift in Sources */,
				FA9801AC24A3A82600E2D44E /* SceneDelegate.swift in Sources */,
			);
			runOnlyForDeploymentPostprocessing = 0;
		};
/* End PBXSourcesBuildPhase section */

/* Begin PBXVariantGroup section */
		FA9801AF24A3A82600E2D44E /* Main.storyboard */ = {
			isa = PBXVariantGroup;
			children = (
				FA9801B024A3A82600E2D44E /* Base */,
			);
			name = Main.storyboard;
			sourceTree = "<group>";
		};
		FA9801B424A3A82700E2D44E /* LaunchScreen.storyboard */ = {
			isa = PBXVariantGroup;
			children = (
				FA9801B524A3A82700E2D44E /* Base */,
			);
			name = LaunchScreen.storyboard;
			sourceTree = "<group>";
		};
/* End PBXVariantGroup section */

/* Begin XCBuildConfiguration section */
		FA9801B824A3A82700E2D44E /* Debug */ = {
			isa = XCBuildConfiguration;
			buildSettings = {
				ALWAYS_SEARCH_USER_PATHS = NO;
				CLANG_ANALYZER_NONNULL = YES;
				CLANG_ANALYZER_NUMBER_OBJECT_CONVERSION = YES_AGGRESSIVE;
				CLANG_CXX_LANGUAGE_STANDARD = "gnu++14";
				CLANG_CXX_LIBRARY = "libc++";
				CLANG_ENABLE_MODULES = YES;
				CLANG_ENABLE_OBJC_ARC = YES;
				CLANG_ENABLE_OBJC_WEAK = YES;
				CLANG_WARN_BLOCK_CAPTURE_AUTORELEASING = YES;
				CLANG_WARN_BOOL_CONVERSION = YES;
				CLANG_WARN_COMMA = YES;
				CLANG_WARN_CONSTANT_CONVERSION = YES;
				CLANG_WARN_DEPRECATED_OBJC_IMPLEMENTATIONS = YES;
				CLANG_WARN_DIRECT_OBJC_ISA_USAGE = YES_ERROR;
				CLANG_WARN_DOCUMENTATION_COMMENTS = YES;
				CLANG_WARN_EMPTY_BODY = YES;
				CLANG_WARN_ENUM_CONVERSION = YES;
				CLANG_WARN_INFINITE_RECURSION = YES;
				CLANG_WARN_INT_CONVERSION = YES;
				CLANG_WARN_NON_LITERAL_NULL_CONVERSION = YES;
				CLANG_WARN_OBJC_IMPLICIT_RETAIN_SELF = YES;
				CLANG_WARN_OBJC_LITERAL_CONVERSION = YES;
				CLANG_WARN_OBJC_ROOT_CLASS = YES_ERROR;
				CLANG_WARN_RANGE_LOOP_ANALYSIS = YES;
				CLANG_WARN_STRICT_PROTOTYPES = YES;
				CLANG_WARN_SUSPICIOUS_MOVE = YES;
				CLANG_WARN_UNGUARDED_AVAILABILITY = YES_AGGRESSIVE;
				CLANG_WARN_UNREACHABLE_CODE = YES;
				CLANG_WARN__DUPLICATE_METHOD_MATCH = YES;
				COPY_PHASE_STRIP = NO;
				DEBUG_INFORMATION_FORMAT = dwarf;
				ENABLE_STRICT_OBJC_MSGSEND = YES;
				ENABLE_TESTABILITY = YES;
				GCC_C_LANGUAGE_STANDARD = gnu11;
				GCC_DYNAMIC_NO_PIC = NO;
				GCC_NO_COMMON_BLOCKS = YES;
				GCC_OPTIMIZATION_LEVEL = 0;
				GCC_PREPROCESSOR_DEFINITIONS = (
					"DEBUG=1",
					"$(inherited)",
				);
				GCC_WARN_64_TO_32_BIT_CONVERSION = YES;
				GCC_WARN_ABOUT_RETURN_TYPE = YES_ERROR;
				GCC_WARN_UNDECLARED_SELECTOR = YES;
				GCC_WARN_UNINITIALIZED_AUTOS = YES_AGGRESSIVE;
				GCC_WARN_UNUSED_FUNCTION = YES;
				GCC_WARN_UNUSED_VARIABLE = YES;
				IPHONEOS_DEPLOYMENT_TARGET = 13.5;
				MTL_ENABLE_DEBUG_INFO = INCLUDE_SOURCE;
				MTL_FAST_MATH = YES;
				ONLY_ACTIVE_ARCH = YES;
				SDKROOT = iphoneos;
				SWIFT_ACTIVE_COMPILATION_CONDITIONS = DEBUG;
				SWIFT_OPTIMIZATION_LEVEL = "-Onone";
			};
			name = Debug;
		};
		FA9801B924A3A82700E2D44E /* Release */ = {
			isa = XCBuildConfiguration;
			buildSettings = {
				ALWAYS_SEARCH_USER_PATHS = NO;
				CLANG_ANALYZER_NONNULL = YES;
				CLANG_ANALYZER_NUMBER_OBJECT_CONVERSION = YES_AGGRESSIVE;
				CLANG_CXX_LANGUAGE_STANDARD = "gnu++14";
				CLANG_CXX_LIBRARY = "libc++";
				CLANG_ENABLE_MODULES = YES;
				CLANG_ENABLE_OBJC_ARC = YES;
				CLANG_ENABLE_OBJC_WEAK = YES;
				CLANG_WARN_BLOCK_CAPTURE_AUTORELEASING = YES;
				CLANG_WARN_BOOL_CONVERSION = YES;
				CLANG_WARN_COMMA = YES;
				CLANG_WARN_CONSTANT_CONVERSION = YES;
				CLANG_WARN_DEPRECATED_OBJC_IMPLEMENTATIONS = YES;
				CLANG_WARN_DIRECT_OBJC_ISA_USAGE = YES_ERROR;
				CLANG_WARN_DOCUMENTATION_COMMENTS = YES;
				CLANG_WARN_EMPTY_BODY = YES;
				CLANG_WARN_ENUM_CONVERSION = YES;
				CLANG_WARN_INFINITE_RECURSION = YES;
				CLANG_WARN_INT_CONVERSION = YES;
				CLANG_WARN_NON_LITERAL_NULL_CONVERSION = YES;
				CLANG_WARN_OBJC_IMPLICIT_RETAIN_SELF = YES;
				CLANG_WARN_OBJC_LITERAL_CONVERSION = YES;
				CLANG_WARN_OBJC_ROOT_CLASS = YES_ERROR;
				CLANG_WARN_RANGE_LOOP_ANALYSIS = YES;
				CLANG_WARN_STRICT_PROTOTYPES = YES;
				CLANG_WARN_SUSPICIOUS_MOVE = YES;
				CLANG_WARN_UNGUARDED_AVAILABILITY = YES_AGGRESSIVE;
				CLANG_WARN_UNREACHABLE_CODE = YES;
				CLANG_WARN__DUPLICATE_METHOD_MATCH = YES;
				COPY_PHASE_STRIP = NO;
				DEBUG_INFORMATION_FORMAT = "dwarf-with-dsym";
				ENABLE_NS_ASSERTIONS = NO;
				ENABLE_STRICT_OBJC_MSGSEND = YES;
				GCC_C_LANGUAGE_STANDARD = gnu11;
				GCC_NO_COMMON_BLOCKS = YES;
				GCC_WARN_64_TO_32_BIT_CONVERSION = YES;
				GCC_WARN_ABOUT_RETURN_TYPE = YES_ERROR;
				GCC_WARN_UNDECLARED_SELECTOR = YES;
				GCC_WARN_UNINITIALIZED_AUTOS = YES_AGGRESSIVE;
				GCC_WARN_UNUSED_FUNCTION = YES;
				GCC_WARN_UNUSED_VARIABLE = YES;
				IPHONEOS_DEPLOYMENT_TARGET = 13.5;
				MTL_ENABLE_DEBUG_INFO = NO;
				MTL_FAST_MATH = YES;
				SDKROOT = iphoneos;
				SWIFT_COMPILATION_MODE = wholemodule;
				SWIFT_OPTIMIZATION_LEVEL = "-O";
				VALIDATE_PRODUCT = YES;
			};
			name = Release;
		};
		FA9801BB24A3A82700E2D44E /* Debug */ = {
			isa = XCBuildConfiguration;
			buildSettings = {
				ASSETCATALOG_COMPILER_APPICON_NAME = AppIcon;
				CODE_SIGN_STYLE = Automatic;
				DEVELOPMENT_TEAM = 9RF6YXCAM2;
				INFOPLIST_FILE = PasswordManager/Info.plist;
				LD_RUNPATH_SEARCH_PATHS = (
					"$(inherited)",
					"@executable_path/Frameworks",
				);
				PRODUCT_BUNDLE_IDENTIFIER = com.geofrat.PasswordManager;
				PRODUCT_NAME = "$(TARGET_NAME)";
				SWIFT_VERSION = 5.0;
				TARGETED_DEVICE_FAMILY = "1,2";
			};
			name = Debug;
		};
		FA9801BC24A3A82700E2D44E /* Release */ = {
			isa = XCBuildConfiguration;
			buildSettings = {
				ASSETCATALOG_COMPILER_APPICON_NAME = AppIcon;
				CODE_SIGN_STYLE = Automatic;
				DEVELOPMENT_TEAM = 9RF6YXCAM2;
				INFOPLIST_FILE = PasswordManager/Info.plist;
				LD_RUNPATH_SEARCH_PATHS = (
					"$(inherited)",
					"@executable_path/Frameworks",
				);
				PRODUCT_BUNDLE_IDENTIFIER = com.geofrat.PasswordManager;
				PRODUCT_NAME = "$(TARGET_NAME)";
				SWIFT_VERSION = 5.0;
				TARGETED_DEVICE_FAMILY = "1,2";
			};
			name = Release;
		};
/* End XCBuildConfiguration section */

/* Begin XCConfigurationList section */
		FA9801A124A3A82600E2D44E /* Build configuration list for PBXProject "PasswordManager" */ = {
			isa = XCConfigurationList;
			buildConfigurations = (
				FA9801B824A3A82700E2D44E /* Debug */,
				FA9801B924A3A82700E2D44E /* Release */,
			);
			defaultConfigurationIsVisible = 0;
			defaultConfigurationName = Release;
		};
		FA9801BA24A3A82700E2D44E /* Build configuration list for PBXNativeTarget "PasswordManager" */ = {
			isa = XCConfigurationList;
			buildConfigurations = (
				FA9801BB24A3A82700E2D44E /* Debug */,
				FA9801BC24A3A82700E2D44E /* Release */,
			);
			defaultConfigurationIsVisible = 0;
			defaultConfigurationName = Release;
		};
/* End XCConfigurationList section */
	};
	rootObject = FA98019E24A3A82600E2D44E /* Project object */;
}
